
Microsoft Visual Studio Solution File, Format Version 12.00
# Visual Studio Version 16
VisualStudioVersion = 16.0.31112.23
MinimumVisualStudioVersion = 10.0.40219.1
Project("{FAE04EC0-301F-11D3-BF4B-00C04F79EFBC}") = "TestUsers", "TestUsers.csproj", "{66C3B1B4-88E1-4FCD-A022-EAC94B0902BC}"
EndProject
Global
	GlobalSection(SolutionConfigurationPlatforms) = preSolution
		Debug|Any CPU = Debug|Any CPU
		Release|Any CPU = Release|Any CPU
	EndGlobalSection
	GlobalSection(ProjectConfigurationPlatforms) = postSolution
		{66C3B1B4-88E1-4FCD-A022-EAC94B0902BC}.Debug|Any CPU.ActiveCfg = Debug|Any CPU
		{66C3B1B4-88E1-4FCD-A022-EAC94B0902BC}.Debug|Any CPU.Build.0 = Debug|Any CPU
		{66C3B1B4-88E1-4FCD-A022-EAC94B0902BC}.Release|Any CPU.ActiveCfg = Release|Any CPU
		{66C3B1B4-88E1-4FCD-A022-EAC94B0902BC}.Release|Any CPU.Build.0 = Release|Any CPU
	EndGlobalSection
	GlobalSection(SolutionProperties) = preSolution
		HideSolutionNode = FALSE
	EndGlobalSection
	GlobalSection(ExtensibilityGlobals) = postSolution
		SolutionGuid = {773FBA4E-BCB1-4776-9BD7-F9F1F9B36E6A}
	EndGlobalSection
EndGlobal
